{
  "nodes": {
    "disko": {
      "inputs": {
        "nixpkgs": [
          "nixpkgs"
        ]
      },
      "locked": {
        "lastModified": 1764110879,
        "narHash": "sha256-xanUzIb0tf3kJ+PoOFmXEXV1jM3PjkDT/TQ5DYeNYRc=",
        "owner": "nix-community",
        "repo": "disko",
        "rev": "aecba248f9a7d68c5d1ed15de2d1c8a4c994a3c5",
        "type": "github"
      },
      "original": {
        "owner": "nix-community",
        "repo": "disko",
        "type": "github"
      }
    },
    "flake-utils": {
      "inputs": {
        "systems": "systems"
      },
      "locked": {
        "lastModified": 1731533236,
        "narHash": "sha256-l0KFg5HjrsfsO/JpG+r7fRrqm12kzFHyUHqHCVpMMbI=",
        "owner": "numtide",
        "repo": "flake-utils",
        "rev": "11707dc2f618dd54ca8739b309ec4fc024de578b",
        "type": "github"
      },
      "original": {
        "owner": "numtide",
        "repo": "flake-utils",
        "type": "github"
      }
    },
    "home-manager": {
      "inputs": {
        "nixpkgs": [
          "nixpkgs"
        ]
      },
      "locked": {
        "lastModified": 1764135300,
        "narHash": "sha256-5xOuutXM7UPTUcn3uDAD8UlPQsXmqPrX81cXoDOAGcA=",
        "owner": "nix-community",
        "repo": "home-manager",
        "rev": "f4cb25928fafa9ae68660fe71f730fc820a59028",
        "type": "github"
      },
      "original": {
        "owner": "nix-community",
        "repo": "home-manager",
        "type": "github"
      }
    },
    "nixpkgs": {
      "locked": {
        "lastModified": 1764081664,
        "narHash": "sha256-sUoHmPr/EwXzRMpv1u/kH+dXuvJEyyF2Q7muE+t0EU4=",
        "owner": "NixOS",
        "repo": "nixpkgs",
        "rev": "dc205f7b4fdb04c8b7877b43edb7b73be7730081",
        "type": "github"
      },
      "original": {
        "owner": "NixOS",
        "ref": "nixpkgs-unstable",
        "repo": "nixpkgs",
        "type": "github"
      }
    },
    "nixpkgs_2": {
      "locked": {
        "lastModified": 1764081664,
        "narHash": "sha256-sUoHmPr/EwXzRMpv1u/kH+dXuvJEyyF2Q7muE+t0EU4=",
        "owner": "NixOS",
        "repo": "nixpkgs",
        "rev": "dc205f7b4fdb04c8b7877b43edb7b73be7730081",
        "type": "github"
      },
      "original": {
        "owner": "NixOS",
        "ref": "nixpkgs-unstable",
        "repo": "nixpkgs",
        "type": "github"
      }
    },
    "opencode": {
      "inputs": {
        "nixpkgs": "nixpkgs_2"
      },
      "locked": {
        "lastModified": 1764156697,
        "narHash": "sha256-yvpmbYvN3LrF3OkGqWfS/1JvnIo9jIuVi68BKHY9TXw=",
        "owner": "sst",
        "repo": "opencode",
        "rev": "9a8b8f26ac955c8c59b2bc1222edd3fb4e6be0be",
        "type": "github"
      },
      "original": {
        "owner": "sst",
        "ref": "dev",
        "repo": "opencode",
        "type": "github"
      }
    },
    "root": {
      "inputs": {
        "disko": "disko",
        "home-manager": "home-manager",
        "nixpkgs": "nixpkgs",
        "opencode": "opencode",
        "time-tracker": "time-tracker"
      }
    },
    "systems": {
      "locked": {
        "lastModified": 1681028828,
        "narHash": "sha256-Vy1rq5AaRuLzOxct8nz4T6wlgyUR7zLU309k9mBC768=",
        "owner": "nix-systems",
        "repo": "default",
        "rev": "da67096a3b9bf56a91d16901293e51ba5b49a27e",
        "type": "github"
      },
      "original": {
        "owner": "nix-systems",
        "repo": "default",
        "type": "github"
      }
    },
    "time-tracker": {
      "inputs": {
        "flake-utils": "flake-utils",
        "nixpkgs": [
          "nixpkgs"
        ]
      },
      "locked": {
        "lastModified": 1764157211,
        "narHash": "sha256-bG4qp0RqoSG574ILm+KMPnF7ZWBNy31bCglPhvh/hOI=",
        "owner": "mrs-electronics-inc",
        "repo": "time-tracker",
        "rev": "4c91492622e72c3d4672414bc134737bb35ee270",
        "type": "github"
      },
      "original": {
        "owner": "mrs-electronics-inc",
        "repo": "time-tracker",
        "type": "github"
      }
    }
  },
  "root": "root",
  "version": 7
}
