{
  "nodes": {
    "disko": {
      "inputs": {
        "nixpkgs": [
          "nixpkgs"
        ]
      },
      "locked": {
        "lastModified": 1764110879,
        "narHash": "sha256-xanUzIb0tf3kJ+PoOFmXEXV1jM3PjkDT/TQ5DYeNYRc=",
        "owner": "nix-community",
        "repo": "disko",
        "rev": "aecba248f9a7d68c5d1ed15de2d1c8a4c994a3c5",
        "type": "github"
      },
      "original": {
        "owner": "nix-community",
        "repo": "disko",
        "type": "github"
      }
    },
    "flake-utils": {
      "inputs": {
        "systems": "systems"
      },
      "locked": {
        "lastModified": 1731533236,
        "narHash": "sha256-l0KFg5HjrsfsO/JpG+r7fRrqm12kzFHyUHqHCVpMMbI=",
        "owner": "numtide",
        "repo": "flake-utils",
        "rev": "11707dc2f618dd54ca8739b309ec4fc024de578b",
        "type": "github"
      },
      "original": {
        "owner": "numtide",
        "repo": "flake-utils",
        "type": "github"
      }
    },
    "home-manager": {
      "inputs": {
        "nixpkgs": [
          "nixpkgs"
        ]
      },
      "locked": {
        "lastModified": 1764182832,
        "narHash": "sha256-ahMNAEknEnSW+WLZsgTnw2e12YcltJDi6J2MsWtPvs0=",
        "owner": "nix-community",
        "repo": "home-manager",
        "rev": "8220473f952571691b05037dbd18659d1f5f83a1",
        "type": "github"
      },
      "original": {
        "owner": "nix-community",
        "repo": "home-manager",
        "type": "github"
      }
    },
    "nixpkgs": {
      "locked": {
        "lastModified": 1764138170,
        "narHash": "sha256-2bCmfCUZyi2yj9FFXYKwsDiaZmizN75cLhI/eWmf3tk=",
        "owner": "NixOS",
        "repo": "nixpkgs",
        "rev": "bb813de6d2241bcb1b5af2d3059f560c66329967",
        "type": "github"
      },
      "original": {
        "owner": "NixOS",
        "ref": "nixpkgs-unstable",
        "repo": "nixpkgs",
        "type": "github"
      }
    },
    "nixpkgs_2": {
      "locked": {
        "lastModified": 1764081664,
        "narHash": "sha256-sUoHmPr/EwXzRMpv1u/kH+dXuvJEyyF2Q7muE+t0EU4=",
        "owner": "NixOS",
        "repo": "nixpkgs",
        "rev": "dc205f7b4fdb04c8b7877b43edb7b73be7730081",
        "type": "github"
      },
      "original": {
        "owner": "NixOS",
        "ref": "nixpkgs-unstable",
        "repo": "nixpkgs",
        "type": "github"
      }
    },
    "opencode": {
      "inputs": {
        "nixpkgs": "nixpkgs_2"
      },
      "locked": {
        "lastModified": 1764190539,
        "narHash": "sha256-ZO01CYbI+HMiZJ8YmnnOxIYjl8yIMPTl8wqh5Oq+JbU=",
        "owner": "sst",
        "repo": "opencode",
        "rev": "3ff0eb3065e477af8f9c7c50c37c2b04e919e689",
        "type": "github"
      },
      "original": {
        "owner": "sst",
        "ref": "dev",
        "repo": "opencode",
        "type": "github"
      }
    },
    "root": {
      "inputs": {
        "disko": "disko",
        "home-manager": "home-manager",
        "nixpkgs": "nixpkgs",
        "opencode": "opencode",
        "time-tracker": "time-tracker"
      }
    },
    "systems": {
      "locked": {
        "lastModified": 1681028828,
        "narHash": "sha256-Vy1rq5AaRuLzOxct8nz4T6wlgyUR7zLU309k9mBC768=",
        "owner": "nix-systems",
        "repo": "default",
        "rev": "da67096a3b9bf56a91d16901293e51ba5b49a27e",
        "type": "github"
      },
      "original": {
        "owner": "nix-systems",
        "repo": "default",
        "type": "github"
      }
    },
    "time-tracker": {
      "inputs": {
        "flake-utils": "flake-utils",
        "nixpkgs": [
          "nixpkgs"
        ]
      },
      "locked": {
        "lastModified": 1764191966,
        "narHash": "sha256-repJEl9pzsEj/5TqnyoTvtoHoE0AiBJ4M5uIwc6hQfA=",
        "owner": "mrs-electronics-inc",
        "repo": "time-tracker",
        "rev": "14e2633bd101f79f02669256f6dfceeeecf331fd",
        "type": "github"
      },
      "original": {
        "owner": "mrs-electronics-inc",
        "repo": "time-tracker",
        "type": "github"
      }
    }
  },
  "root": "root",
  "version": 7
}
